
Microsoft Visual Studio Solution File, Format Version 12.00
# Visual Studio 15
VisualStudioVersion = 15.0.26430.14
MinimumVisualStudioVersion = 10.0.40219.1
Project("{FAE04EC0-301F-11D3-BF4B-00C04F79EFBC}") = "Server", "Server\Server.csproj", "{6EC34443-DB4D-47E8-8F95-3A7CE6C79F63}"
EndProject
Project("{FAE04EC0-301F-11D3-BF4B-00C04F79EFBC}") = "Client", "Client\Client.csproj", "{F604E7B4-3053-41B2-981F-2ED7A0AA9886}"
EndProject
Global
	GlobalSection(SolutionConfigurationPlatforms) = preSolution
		Debug|Any CPU = Debug|Any CPU
		Release|Any CPU = Release|Any CPU
	EndGlobalSection
	GlobalSection(ProjectConfigurationPlatforms) = postSolution
		{6EC34443-DB4D-47E8-8F95-3A7CE6C79F63}.Debug|Any CPU.ActiveCfg = Debug|Any CPU
		{6EC34443-DB4D-47E8-8F95-3A7CE6C79F63}.Debug|Any CPU.Build.0 = Debug|Any CPU
		{6EC34443-DB4D-47E8-8F95-3A7CE6C79F63}.Release|Any CPU.ActiveCfg = Release|Any CPU
		{6EC34443-DB4D-47E8-8F95-3A7CE6C79F63}.Release|Any CPU.Build.0 = Release|Any CPU
		{F604E7B4-3053-41B2-981F-2ED7A0AA9886}.Debug|Any CPU.ActiveCfg = Debug|Any CPU
		{F604E7B4-3053-41B2-981F-2ED7A0AA9886}.Debug|Any CPU.Build.0 = Debug|Any CPU
		{F604E7B4-3053-41B2-981F-2ED7A0AA9886}.Release|Any CPU.ActiveCfg = Release|Any CPU
		{F604E7B4-3053-41B2-981F-2ED7A0AA9886}.Release|Any CPU.Build.0 = Release|Any CPU
	EndGlobalSection
	GlobalSection(SolutionProperties) = preSolution
		HideSolutionNode = FALSE
	EndGlobalSection
EndGlobal
